
Microsoft Visual Studio Solution File, Format Version 12.00
# Visual Studio Version 17
VisualStudioVersion = 17.10.35013.160
MinimumVisualStudioVersion = 10.0.40219.1
Project("{FAE04EC0-301F-11D3-BF4B-00C04F79EFBC}") = "ChatApp.Web", "ChatApp.Web\ChatApp.Web.csproj", "{6FA30377-88DA-48EC-BE6C-C83209C9744D}"
EndProject
Project("{FAE04EC0-301F-11D3-BF4B-00C04F79EFBC}") = "ChatApp.Messaging", "ChatApp.Messaging\ChatApp.Messaging.csproj", "{34DFF347-F25A-4723-B9C2-AABD67939F51}"
EndProject
Project("{FAE04EC0-301F-11D3-BF4B-00C04F79EFBC}") = "ChatApp.Core", "ChatApp.Core\ChatApp.Core.csproj", "{541E786E-4891-4A94-9F1D-D620B4396148}"
EndProject
Global
	GlobalSection(SolutionConfigurationPlatforms) = preSolution
		Debug|Any CPU = Debug|Any CPU
		Release|Any CPU = Release|Any CPU
	EndGlobalSection
	GlobalSection(ProjectConfigurationPlatforms) = postSolution
		{6FA30377-88DA-48EC-BE6C-C83209C9744D}.Debug|Any CPU.ActiveCfg = Debug|Any CPU
		{6FA30377-88DA-48EC-BE6C-C83209C9744D}.Debug|Any CPU.Build.0 = Debug|Any CPU
		{6FA30377-88DA-48EC-BE6C-C83209C9744D}.Release|Any CPU.ActiveCfg = Release|Any CPU
		{6FA30377-88DA-48EC-BE6C-C83209C9744D}.Release|Any CPU.Build.0 = Release|Any CPU
		{34DFF347-F25A-4723-B9C2-AABD67939F51}.Debug|Any CPU.ActiveCfg = Debug|Any CPU
		{34DFF347-F25A-4723-B9C2-AABD67939F51}.Debug|Any CPU.Build.0 = Debug|Any CPU
		{34DFF347-F25A-4723-B9C2-AABD67939F51}.Release|Any CPU.ActiveCfg = Release|Any CPU
		{34DFF347-F25A-4723-B9C2-AABD67939F51}.Release|Any CPU.Build.0 = Release|Any CPU
		{541E786E-4891-4A94-9F1D-D620B4396148}.Debug|Any CPU.ActiveCfg = Debug|Any CPU
		{541E786E-4891-4A94-9F1D-D620B4396148}.Debug|Any CPU.Build.0 = Debug|Any CPU
		{541E786E-4891-4A94-9F1D-D620B4396148}.Release|Any CPU.ActiveCfg = Release|Any CPU
		{541E786E-4891-4A94-9F1D-D620B4396148}.Release|Any CPU.Build.0 = Release|Any CPU
	EndGlobalSection
	GlobalSection(SolutionProperties) = preSolution
		HideSolutionNode = FALSE
	EndGlobalSection
	GlobalSection(ExtensibilityGlobals) = postSolution
		SolutionGuid = {FD93A98D-9E4F-40C0-BDA7-5C2061E7A90F}
	EndGlobalSection
EndGlobal
